
Microsoft Visual Studio Solution File, Format Version 12.00
# Visual Studio Version 16
VisualStudioVersion = 16.0.30204.135
MinimumVisualStudioVersion = 10.0.40219.1
Project("{FAE04EC0-301F-11D3-BF4B-00C04F79EFBC}") = "Base64Converter", "Base64Converter.csproj", "{ACB2EA29-DA81-44A6-9270-06501B4A5CFC}"
EndProject
Global
	GlobalSection(SolutionConfigurationPlatforms) = preSolution
		Debug|Any CPU = Debug|Any CPU
		Release|Any CPU = Release|Any CPU
	EndGlobalSection
	GlobalSection(ProjectConfigurationPlatforms) = postSolution
		{ACB2EA29-DA81-44A6-9270-06501B4A5CFC}.Debug|Any CPU.ActiveCfg = Debug|Any CPU
		{ACB2EA29-DA81-44A6-9270-06501B4A5CFC}.Debug|Any CPU.Build.0 = Debug|Any CPU
		{ACB2EA29-DA81-44A6-9270-06501B4A5CFC}.Release|Any CPU.ActiveCfg = Release|Any CPU
		{ACB2EA29-DA81-44A6-9270-06501B4A5CFC}.Release|Any CPU.Build.0 = Release|Any CPU
	EndGlobalSection
	GlobalSection(SolutionProperties) = preSolution
		HideSolutionNode = FALSE
	EndGlobalSection
	GlobalSection(ExtensibilityGlobals) = postSolution
		SolutionGuid = {D67B855D-A188-43A0-AD6E-C241B12E7654}
	EndGlobalSection
EndGlobal
